
Microsoft Visual Studio Solution File, Format Version 12.00
Project("{FAE04EC0-301F-11D3-BF4B-00C04F79EFBC}") = "Tema4", "Tema4\Tema4.csproj", "{00339D62-3180-451A-ACD6-5AC43F70DD49}"
EndProject
Global
	GlobalSection(SolutionConfigurationPlatforms) = preSolution
		Debug|Any CPU = Debug|Any CPU
		Release|Any CPU = Release|Any CPU
	EndGlobalSection
	GlobalSection(ProjectConfigurationPlatforms) = postSolution
		{00339D62-3180-451A-ACD6-5AC43F70DD49}.Debug|Any CPU.ActiveCfg = Debug|Any CPU
		{00339D62-3180-451A-ACD6-5AC43F70DD49}.Debug|Any CPU.Build.0 = Debug|Any CPU
		{00339D62-3180-451A-ACD6-5AC43F70DD49}.Release|Any CPU.ActiveCfg = Release|Any CPU
		{00339D62-3180-451A-ACD6-5AC43F70DD49}.Release|Any CPU.Build.0 = Release|Any CPU
	EndGlobalSection
EndGlobal
